
Microsoft Visual Studio Solution File, Format Version 12.00
# Visual Studio Version 17
VisualStudioVersion = 17.0.31903.59
MinimumVisualStudioVersion = 10.0.40219.1
Project("{2150E333-8FDC-42A3-9474-1A3956D46DE8}") = "src", "src", "{A209BE55-E0D8-473A-918F-1A8BF31F25C8}"
EndProject
Project("{FAE04EC0-301F-11D3-BF4B-00C04F79EFBC}") = "ConsoleApp", "src\ConsoleApp\ConsoleApp.csproj", "{F1F43712-DC66-43DD-B308-1FC1E55601D0}"
EndProject
Project("{2150E333-8FDC-42A3-9474-1A3956D46DE8}") = "test", "test", "{314C8CE9-CEBA-4653-A731-113B9FFF230F}"
EndProject
Project("{FAE04EC0-301F-11D3-BF4B-00C04F79EFBC}") = "SatoshiSharpTest", "test\SatoshiSharpTest\SatoshiSharpTest.csproj", "{CF69919A-9808-4A4A-9DDE-A5B44FCB5CDC}"
EndProject
Project("{FAE04EC0-301F-11D3-BF4B-00C04F79EFBC}") = "SatoshiSharpLib", "src\SatoshiSharpLib\SatoshiSharpLib.csproj", "{426E00BA-3B7A-440D-9778-8AD064EAC3F4}"
EndProject
Global
	GlobalSection(SolutionConfigurationPlatforms) = preSolution
		Debug|Any CPU = Debug|Any CPU
		Release|Any CPU = Release|Any CPU
	EndGlobalSection
	GlobalSection(SolutionProperties) = preSolution
		HideSolutionNode = FALSE
	EndGlobalSection
	GlobalSection(ProjectConfigurationPlatforms) = postSolution
		{F1F43712-DC66-43DD-B308-1FC1E55601D0}.Debug|Any CPU.ActiveCfg = Debug|Any CPU
		{F1F43712-DC66-43DD-B308-1FC1E55601D0}.Debug|Any CPU.Build.0 = Debug|Any CPU
		{F1F43712-DC66-43DD-B308-1FC1E55601D0}.Release|Any CPU.ActiveCfg = Release|Any CPU
		{F1F43712-DC66-43DD-B308-1FC1E55601D0}.Release|Any CPU.Build.0 = Release|Any CPU
		{CF69919A-9808-4A4A-9DDE-A5B44FCB5CDC}.Debug|Any CPU.ActiveCfg = Debug|Any CPU
		{CF69919A-9808-4A4A-9DDE-A5B44FCB5CDC}.Debug|Any CPU.Build.0 = Debug|Any CPU
		{CF69919A-9808-4A4A-9DDE-A5B44FCB5CDC}.Release|Any CPU.ActiveCfg = Release|Any CPU
		{CF69919A-9808-4A4A-9DDE-A5B44FCB5CDC}.Release|Any CPU.Build.0 = Release|Any CPU
		{426E00BA-3B7A-440D-9778-8AD064EAC3F4}.Debug|Any CPU.ActiveCfg = Debug|Any CPU
		{426E00BA-3B7A-440D-9778-8AD064EAC3F4}.Debug|Any CPU.Build.0 = Debug|Any CPU
		{426E00BA-3B7A-440D-9778-8AD064EAC3F4}.Release|Any CPU.ActiveCfg = Release|Any CPU
		{426E00BA-3B7A-440D-9778-8AD064EAC3F4}.Release|Any CPU.Build.0 = Release|Any CPU
	EndGlobalSection
	GlobalSection(NestedProjects) = preSolution
		{F1F43712-DC66-43DD-B308-1FC1E55601D0} = {A209BE55-E0D8-473A-918F-1A8BF31F25C8}
		{CF69919A-9808-4A4A-9DDE-A5B44FCB5CDC} = {314C8CE9-CEBA-4653-A731-113B9FFF230F}
		{426E00BA-3B7A-440D-9778-8AD064EAC3F4} = {A209BE55-E0D8-473A-918F-1A8BF31F25C8}
	EndGlobalSection
EndGlobal
